
Microsoft Visual Studio Solution File, Format Version 12.00
# Visual Studio Version 17
VisualStudioVersion = 17.12.35707.178 d17.12
MinimumVisualStudioVersion = 10.0.40219.1
Project("{FAE04EC0-301F-11D3-BF4B-00C04F79EFBC}") = "Restaurant_Project", "Restaurant_Project\Restaurant_Project.csproj", "{ABB42302-F4FF-4828-84F4-4FBAD6623A0C}"
EndProject
Global
	GlobalSection(SolutionConfigurationPlatforms) = preSolution
		Debug|Any CPU = Debug|Any CPU
		Release|Any CPU = Release|Any CPU
	EndGlobalSection
	GlobalSection(ProjectConfigurationPlatforms) = postSolution
		{ABB42302-F4FF-4828-84F4-4FBAD6623A0C}.Debug|Any CPU.ActiveCfg = Debug|Any CPU
		{ABB42302-F4FF-4828-84F4-4FBAD6623A0C}.Debug|Any CPU.Build.0 = Debug|Any CPU
		{ABB42302-F4FF-4828-84F4-4FBAD6623A0C}.Release|Any CPU.ActiveCfg = Release|Any CPU
		{ABB42302-F4FF-4828-84F4-4FBAD6623A0C}.Release|Any CPU.Build.0 = Release|Any CPU
	EndGlobalSection
	GlobalSection(SolutionProperties) = preSolution
		HideSolutionNode = FALSE
	EndGlobalSection
EndGlobal
